
Microsoft Visual Studio Solution File, Format Version 12.00
# Visual Studio Version 16
VisualStudioVersion = 16.0.30907.101
MinimumVisualStudioVersion = 10.0.40219.1
Project("{FAE04EC0-301F-11D3-BF4B-00C04F79EFBC}") = "KampÖdev4", "KampÖdev4\KampÖdev4.csproj", "{111A2574-AE48-471A-A5C0-949E42254CAD}"
EndProject
Global
	GlobalSection(SolutionConfigurationPlatforms) = preSolution
		Debug|Any CPU = Debug|Any CPU
		Release|Any CPU = Release|Any CPU
	EndGlobalSection
	GlobalSection(ProjectConfigurationPlatforms) = postSolution
		{111A2574-AE48-471A-A5C0-949E42254CAD}.Debug|Any CPU.ActiveCfg = Debug|Any CPU
		{111A2574-AE48-471A-A5C0-949E42254CAD}.Debug|Any CPU.Build.0 = Debug|Any CPU
		{111A2574-AE48-471A-A5C0-949E42254CAD}.Release|Any CPU.ActiveCfg = Release|Any CPU
		{111A2574-AE48-471A-A5C0-949E42254CAD}.Release|Any CPU.Build.0 = Release|Any CPU
	EndGlobalSection
	GlobalSection(SolutionProperties) = preSolution
		HideSolutionNode = FALSE
	EndGlobalSection
	GlobalSection(ExtensibilityGlobals) = postSolution
		SolutionGuid = {E430212A-F28E-4742-8C00-B07D1CC2EB64}
	EndGlobalSection
EndGlobal
